
Microsoft Visual Studio Solution File, Format Version 12.00
# Visual Studio Version 17
VisualStudioVersion = 17.7.34202.233
MinimumVisualStudioVersion = 10.0.40219.1
Project("{FAE04EC0-301F-11D3-BF4B-00C04F79EFBC}") = "Cottage_reservation", "Cottage_reservation.csproj", "{9F4EEE92-094E-4EA0-B091-B1DA4C9CF00A}"
EndProject
Global
	GlobalSection(SolutionConfigurationPlatforms) = preSolution
		Debug|Any CPU = Debug|Any CPU
		Release|Any CPU = Release|Any CPU
	EndGlobalSection
	GlobalSection(ProjectConfigurationPlatforms) = postSolution
		{9F4EEE92-094E-4EA0-B091-B1DA4C9CF00A}.Debug|Any CPU.ActiveCfg = Debug|Any CPU
		{9F4EEE92-094E-4EA0-B091-B1DA4C9CF00A}.Debug|Any CPU.Build.0 = Debug|Any CPU
		{9F4EEE92-094E-4EA0-B091-B1DA4C9CF00A}.Release|Any CPU.ActiveCfg = Release|Any CPU
		{9F4EEE92-094E-4EA0-B091-B1DA4C9CF00A}.Release|Any CPU.Build.0 = Release|Any CPU
	EndGlobalSection
	GlobalSection(SolutionProperties) = preSolution
		HideSolutionNode = FALSE
	EndGlobalSection
	GlobalSection(ExtensibilityGlobals) = postSolution
		SolutionGuid = {A255E96D-8AA8-45FA-A9AA-89861A412786}
	EndGlobalSection
EndGlobal
